
Microsoft Visual Studio Solution File, Format Version 9.00
# Visual Studio 2005
Project("{8BC9CEB8-8B4A-11D0-8D11-00A0C91BC942}") = "PTAMM", "PTAMM.vcproj", "{A6E40617-4EC6-4644-AEF5-BDA9BA0A9C09}"
	ProjectSection(ProjectDependencies) = postProject
		{7DFC1637-6F93-4033-920D-2B3811241464} = {7DFC1637-6F93-4033-920D-2B3811241464}
		{B9F11251-18F4-48CB-9EE7-3EDA4A0EA5AF} = {B9F11251-18F4-48CB-9EE7-3EDA4A0EA5AF}
		{30D8E485-EE60-4E92-ABEA-50C628FBCE59} = {30D8E485-EE60-4E92-ABEA-50C628FBCE59}
		{9CF2B398-9087-4D33-90EB-0320F42C78F4} = {9CF2B398-9087-4D33-90EB-0320F42C78F4}
		{AD5D4E9F-CC19-474E-A5A2-F8895269A3DB} = {AD5D4E9F-CC19-474E-A5A2-F8895269A3DB}
		{141F90C2-6630-4D7A-834F-D5D57C6CFC24} = {141F90C2-6630-4D7A-834F-D5D57C6CFC24}
		{E5287CD2-4BAC-4341-AF28-A1F9C0F5949C} = {E5287CD2-4BAC-4341-AF28-A1F9C0F5949C}
		{DB1962D5-5EBB-499D-9F84-4FCF6435063C} = {DB1962D5-5EBB-499D-9F84-4FCF6435063C}
		{81160AD9-2883-4EDD-AF09-35E3F4C9BA1E} = {81160AD9-2883-4EDD-AF09-35E3F4C9BA1E}
		{ED407BF6-F8A1-4C7E-9952-E5454896AC63} = {ED407BF6-F8A1-4C7E-9952-E5454896AC63}
	EndProjectSection
EndProject
Project("{8BC9CEB8-8B4A-11D0-8D11-00A0C91BC942}") = "CameraCalibrator", "CameraCalibrator.vcproj", "{73D54605-B3C3-4D64-92E3-E5BD7A359391}"
	ProjectSection(ProjectDependencies) = postProject
		{B9F11251-18F4-48CB-9EE7-3EDA4A0EA5AF} = {B9F11251-18F4-48CB-9EE7-3EDA4A0EA5AF}
		{30D8E485-EE60-4E92-ABEA-50C628FBCE59} = {30D8E485-EE60-4E92-ABEA-50C628FBCE59}
		{9CF2B398-9087-4D33-90EB-0320F42C78F4} = {9CF2B398-9087-4D33-90EB-0320F42C78F4}
		{AD5D4E9F-CC19-474E-A5A2-F8895269A3DB} = {AD5D4E9F-CC19-474E-A5A2-F8895269A3DB}
		{DB1962D5-5EBB-499D-9F84-4FCF6435063C} = {DB1962D5-5EBB-499D-9F84-4FCF6435063C}
		{81160AD9-2883-4EDD-AF09-35E3F4C9BA1E} = {81160AD9-2883-4EDD-AF09-35E3F4C9BA1E}
	EndProjectSection
EndProject
Project("{8BC9CEB8-8B4A-11D0-8D11-00A0C91BC942}") = "libcvd", "..\libcvd\build\vc2005\libcvd.vcproj", "{DB1962D5-5EBB-499D-9F84-4FCF6435063C}"
EndProject
Project("{8BC9CEB8-8B4A-11D0-8D11-00A0C91BC942}") = "gvars3", "..\gvars3\build\vc2005\gvars3.vcproj", "{81160AD9-2883-4EDD-AF09-35E3F4C9BA1E}"
EndProject
Project("{8BC9CEB8-8B4A-11D0-8D11-00A0C91BC942}") = "gvars3-headless", "..\gvars3\build\vc2005\gvars3-headless.vcproj", "{30D8E485-EE60-4E92-ABEA-50C628FBCE59}"
	ProjectSection(ProjectDependencies) = postProject
		{81160AD9-2883-4EDD-AF09-35E3F4C9BA1E} = {81160AD9-2883-4EDD-AF09-35E3F4C9BA1E}
	EndProjectSection
EndProject
Project("{8BC9CEB8-8B4A-11D0-8D11-00A0C91BC942}") = "lib3ds", "..\lib3ds\src\lib3ds.vcproj", "{9CF2B398-9087-4D33-90EB-0320F42C78F4}"
EndProject
Project("{8BC9CEB8-8B4A-11D0-8D11-00A0C91BC942}") = "zlib", "..\zlib\zlib.vcproj", "{AD5D4E9F-CC19-474E-A5A2-F8895269A3DB}"
EndProject
Project("{8BC9CEB8-8B4A-11D0-8D11-00A0C91BC942}") = "antlr", "..\OpenVRML\src\openvrml-0.14.3\ide-projects\Windows\VisualC7\OpenVRML\antlr\antlr.vcproj", "{ED407BF6-F8A1-4C7E-9952-E5454896AC63}"
EndProject
Project("{8BC9CEB8-8B4A-11D0-8D11-00A0C91BC942}") = "openvrml", "..\OpenVRML\src\openvrml-0.14.3\ide-projects\Windows\VisualC7\OpenVRML\openvrml\openvrml.vcproj", "{E5287CD2-4BAC-4341-AF28-A1F9C0F5949C}"
	ProjectSection(ProjectDependencies) = postProject
		{ED407BF6-F8A1-4C7E-9952-E5454896AC63} = {ED407BF6-F8A1-4C7E-9952-E5454896AC63}
	EndProjectSection
EndProject
Project("{8BC9CEB8-8B4A-11D0-8D11-00A0C91BC942}") = "openvrml-gl", "..\OpenVRML\src\openvrml-0.14.3\ide-projects\Windows\VisualC7\OpenVRML\openvrml-gl\openvrml-gl.vcproj", "{141F90C2-6630-4D7A-834F-D5D57C6CFC24}"
	ProjectSection(ProjectDependencies) = postProject
		{E5287CD2-4BAC-4341-AF28-A1F9C0F5949C} = {E5287CD2-4BAC-4341-AF28-A1F9C0F5949C}
		{ED407BF6-F8A1-4C7E-9952-E5454896AC63} = {ED407BF6-F8A1-4C7E-9952-E5454896AC63}
	EndProjectSection
EndProject
Project("{8BC9CEB8-8B4A-11D0-8D11-00A0C91BC942}") = "regex", "..\OpenVRML\src\openvrml-0.14.3\ide-projects\Windows\VisualC7\OpenVRML\regex\regex.vcproj", "{7DFC1637-6F93-4033-920D-2B3811241464}"
	ProjectSection(ProjectDependencies) = postProject
		{141F90C2-6630-4D7A-834F-D5D57C6CFC24} = {141F90C2-6630-4D7A-834F-D5D57C6CFC24}
		{E5287CD2-4BAC-4341-AF28-A1F9C0F5949C} = {E5287CD2-4BAC-4341-AF28-A1F9C0F5949C}
		{ED407BF6-F8A1-4C7E-9952-E5454896AC63} = {ED407BF6-F8A1-4C7E-9952-E5454896AC63}
	EndProjectSection
EndProject
Project("{8BC9CEB8-8B4A-11D0-8D11-00A0C91BC942}") = "pthread", "..\pthreads.2\pthread.vcproj", "{B9F11251-18F4-48CB-9EE7-3EDA4A0EA5AF}"
EndProject
Project("{8BC9CEB8-8B4A-11D0-8D11-00A0C91BC942}") = "ode", "..\ode-0.13\ode-0.13\build\vs2005\ode.vcproj", "{2F5C6BD8-60CC-774E-AFE5-700993607C62}"
EndProject
Global
	GlobalSection(SolutionConfigurationPlatforms) = preSolution
		Debug DLL|Win32 = Debug DLL|Win32
		Debug DLL|x64 = Debug DLL|x64
		Debug|Win32 = Debug|Win32
		Debug|x64 = Debug|x64
		DebugDoubleDLL|Win32 = DebugDoubleDLL|Win32
		DebugDoubleDLL|x64 = DebugDoubleDLL|x64
		DebugDoubleLib|Win32 = DebugDoubleLib|Win32
		DebugDoubleLib|x64 = DebugDoubleLib|x64
		DebugSingleDLL|Win32 = DebugSingleDLL|Win32
		DebugSingleDLL|x64 = DebugSingleDLL|x64
		DebugSingleLib|Win32 = DebugSingleLib|Win32
		DebugSingleLib|x64 = DebugSingleLib|x64
		Release DLL|Win32 = Release DLL|Win32
		Release DLL|x64 = Release DLL|x64
		Release|Win32 = Release|Win32
		Release|x64 = Release|x64
		ReleaseDoubleDLL|Win32 = ReleaseDoubleDLL|Win32
		ReleaseDoubleDLL|x64 = ReleaseDoubleDLL|x64
		ReleaseDoubleLib|Win32 = ReleaseDoubleLib|Win32
		ReleaseDoubleLib|x64 = ReleaseDoubleLib|x64
		ReleaseSingleDLL|Win32 = ReleaseSingleDLL|Win32
		ReleaseSingleDLL|x64 = ReleaseSingleDLL|x64
		ReleaseSingleLib|Win32 = ReleaseSingleLib|Win32
		ReleaseSingleLib|x64 = ReleaseSingleLib|x64
	EndGlobalSection
	GlobalSection(ProjectConfigurationPlatforms) = postSolution
		{A6E40617-4EC6-4644-AEF5-BDA9BA0A9C09}.Debug DLL|Win32.ActiveCfg = Debug|Win32
		{A6E40617-4EC6-4644-AEF5-BDA9BA0A9C09}.Debug DLL|Win32.Build.0 = Debug|Win32
		{A6E40617-4EC6-4644-AEF5-BDA9BA0A9C09}.Debug DLL|x64.ActiveCfg = Debug|Win32
		{A6E40617-4EC6-4644-AEF5-BDA9BA0A9C09}.Debug|Win32.ActiveCfg = Debug|Win32
		{A6E40617-4EC6-4644-AEF5-BDA9BA0A9C09}.Debug|Win32.Build.0 = Debug|Win32
		{A6E40617-4EC6-4644-AEF5-BDA9BA0A9C09}.Debug|x64.ActiveCfg = Debug|Win32
		{A6E40617-4EC6-4644-AEF5-BDA9BA0A9C09}.DebugDoubleDLL|Win32.ActiveCfg = Debug|Win32
		{A6E40617-4EC6-4644-AEF5-BDA9BA0A9C09}.DebugDoubleDLL|Win32.Build.0 = Debug|Win32
		{A6E40617-4EC6-4644-AEF5-BDA9BA0A9C09}.DebugDoubleDLL|x64.ActiveCfg = Debug|Win32
		{A6E40617-4EC6-4644-AEF5-BDA9BA0A9C09}.DebugDoubleLib|Win32.ActiveCfg = Debug|Win32
		{A6E40617-4EC6-4644-AEF5-BDA9BA0A9C09}.DebugDoubleLib|Win32.Build.0 = Debug|Win32
		{A6E40617-4EC6-4644-AEF5-BDA9BA0A9C09}.DebugDoubleLib|x64.ActiveCfg = Debug|Win32
		{A6E40617-4EC6-4644-AEF5-BDA9BA0A9C09}.DebugSingleDLL|Win32.ActiveCfg = Debug|Win32
		{A6E40617-4EC6-4644-AEF5-BDA9BA0A9C09}.DebugSingleDLL|Win32.Build.0 = Debug|Win32
		{A6E40617-4EC6-4644-AEF5-BDA9BA0A9C09}.DebugSingleDLL|x64.ActiveCfg = Debug|Win32
		{A6E40617-4EC6-4644-AEF5-BDA9BA0A9C09}.DebugSingleLib|Win32.ActiveCfg = Debug|Win32
		{A6E40617-4EC6-4644-AEF5-BDA9BA0A9C09}.DebugSingleLib|Win32.Build.0 = Debug|Win32
		{A6E40617-4EC6-4644-AEF5-BDA9BA0A9C09}.DebugSingleLib|x64.ActiveCfg = Debug|Win32
		{A6E40617-4EC6-4644-AEF5-BDA9BA0A9C09}.Release DLL|Win32.ActiveCfg = Release|Win32
		{A6E40617-4EC6-4644-AEF5-BDA9BA0A9C09}.Release DLL|Win32.Build.0 = Release|Win32
		{A6E40617-4EC6-4644-AEF5-BDA9BA0A9C09}.Release DLL|x64.ActiveCfg = Release|Win32
		{A6E40617-4EC6-4644-AEF5-BDA9BA0A9C09}.Release|Win32.ActiveCfg = Release|Win32
		{A6E40617-4EC6-4644-AEF5-BDA9BA0A9C09}.Release|Win32.Build.0 = Release|Win32
		{A6E40617-4EC6-4644-AEF5-BDA9BA0A9C09}.Release|x64.ActiveCfg = Release|Win32
		{A6E40617-4EC6-4644-AEF5-BDA9BA0A9C09}.ReleaseDoubleDLL|Win32.ActiveCfg = Release|Win32
		{A6E40617-4EC6-4644-AEF5-BDA9BA0A9C09}.ReleaseDoubleDLL|Win32.Build.0 = Release|Win32
		{A6E40617-4EC6-4644-AEF5-BDA9BA0A9C09}.ReleaseDoubleDLL|x64.ActiveCfg = Release|Win32
		{A6E40617-4EC6-4644-AEF5-BDA9BA0A9C09}.ReleaseDoubleLib|Win32.ActiveCfg = Release|Win32
		{A6E40617-4EC6-4644-AEF5-BDA9BA0A9C09}.ReleaseDoubleLib|Win32.Build.0 = Release|Win32
		{A6E40617-4EC6-4644-AEF5-BDA9BA0A9C09}.ReleaseDoubleLib|x64.ActiveCfg = Release|Win32
		{A6E40617-4EC6-4644-AEF5-BDA9BA0A9C09}.ReleaseSingleDLL|Win32.ActiveCfg = Release|Win32
		{A6E40617-4EC6-4644-AEF5-BDA9BA0A9C09}.ReleaseSingleDLL|Win32.Build.0 = Release|Win32
		{A6E40617-4EC6-4644-AEF5-BDA9BA0A9C09}.ReleaseSingleDLL|x64.ActiveCfg = Release|Win32
		{A6E40617-4EC6-4644-AEF5-BDA9BA0A9C09}.ReleaseSingleLib|Win32.ActiveCfg = Release|Win32
		{A6E40617-4EC6-4644-AEF5-BDA9BA0A9C09}.ReleaseSingleLib|Win32.Build.0 = Release|Win32
		{A6E40617-4EC6-4644-AEF5-BDA9BA0A9C09}.ReleaseSingleLib|x64.ActiveCfg = Release|Win32
		{73D54605-B3C3-4D64-92E3-E5BD7A359391}.Debug DLL|Win32.ActiveCfg = Debug|Win32
		{73D54605-B3C3-4D64-92E3-E5BD7A359391}.Debug DLL|Win32.Build.0 = Debug|Win32
		{73D54605-B3C3-4D64-92E3-E5BD7A359391}.Debug DLL|x64.ActiveCfg = Debug|Win32
		{73D54605-B3C3-4D64-92E3-E5BD7A359391}.Debug|Win32.ActiveCfg = Debug|Win32
		{73D54605-B3C3-4D64-92E3-E5BD7A359391}.Debug|Win32.Build.0 = Debug|Win32
		{73D54605-B3C3-4D64-92E3-E5BD7A359391}.Debug|x64.ActiveCfg = Debug|Win32
		{73D54605-B3C3-4D64-92E3-E5BD7A359391}.DebugDoubleDLL|Win32.ActiveCfg = Debug|Win32
		{73D54605-B3C3-4D64-92E3-E5BD7A359391}.DebugDoubleDLL|Win32.Build.0 = Debug|Win32
		{73D54605-B3C3-4D64-92E3-E5BD7A359391}.DebugDoubleDLL|x64.ActiveCfg = Debug|Win32
		{73D54605-B3C3-4D64-92E3-E5BD7A359391}.DebugDoubleLib|Win32.ActiveCfg = Debug|Win32
		{73D54605-B3C3-4D64-92E3-E5BD7A359391}.DebugDoubleLib|Win32.Build.0 = Debug|Win32
		{73D54605-B3C3-4D64-92E3-E5BD7A359391}.DebugDoubleLib|x64.ActiveCfg = Debug|Win32
		{73D54605-B3C3-4D64-92E3-E5BD7A359391}.DebugSingleDLL|Win32.ActiveCfg = Debug|Win32
		{73D54605-B3C3-4D64-92E3-E5BD7A359391}.DebugSingleDLL|Win32.Build.0 = Debug|Win32
		{73D54605-B3C3-4D64-92E3-E5BD7A359391}.DebugSingleDLL|x64.ActiveCfg = Debug|Win32
		{73D54605-B3C3-4D64-92E3-E5BD7A359391}.DebugSingleLib|Win32.ActiveCfg = Debug|Win32
		{73D54605-B3C3-4D64-92E3-E5BD7A359391}.DebugSingleLib|Win32.Build.0 = Debug|Win32
		{73D54605-B3C3-4D64-92E3-E5BD7A359391}.DebugSingleLib|x64.ActiveCfg = Debug|Win32
		{73D54605-B3C3-4D64-92E3-E5BD7A359391}.Release DLL|Win32.ActiveCfg = Release|Win32
		{73D54605-B3C3-4D64-92E3-E5BD7A359391}.Release DLL|Win32.Build.0 = Release|Win32
		{73D54605-B3C3-4D64-92E3-E5BD7A359391}.Release DLL|x64.ActiveCfg = Release|Win32
		{73D54605-B3C3-4D64-92E3-E5BD7A359391}.Release|Win32.ActiveCfg = Release|Win32
		{73D54605-B3C3-4D64-92E3-E5BD7A359391}.Release|Win32.Build.0 = Release|Win32
		{73D54605-B3C3-4D64-92E3-E5BD7A359391}.Release|x64.ActiveCfg = Release|Win32
		{73D54605-B3C3-4D64-92E3-E5BD7A359391}.ReleaseDoubleDLL|Win32.ActiveCfg = Release|Win32
		{73D54605-B3C3-4D64-92E3-E5BD7A359391}.ReleaseDoubleDLL|Win32.Build.0 = Release|Win32
		{73D54605-B3C3-4D64-92E3-E5BD7A359391}.ReleaseDoubleDLL|x64.ActiveCfg = Release|Win32
		{73D54605-B3C3-4D64-92E3-E5BD7A359391}.ReleaseDoubleLib|Win32.ActiveCfg = Release|Win32
		{73D54605-B3C3-4D64-92E3-E5BD7A359391}.ReleaseDoubleLib|Win32.Build.0 = Release|Win32
		{73D54605-B3C3-4D64-92E3-E5BD7A359391}.ReleaseDoubleLib|x64.ActiveCfg = Release|Win32
		{73D54605-B3C3-4D64-92E3-E5BD7A359391}.ReleaseSingleDLL|Win32.ActiveCfg = Release|Win32
		{73D54605-B3C3-4D64-92E3-E5BD7A359391}.ReleaseSingleDLL|Win32.Build.0 = Release|Win32
		{73D54605-B3C3-4D64-92E3-E5BD7A359391}.ReleaseSingleDLL|x64.ActiveCfg = Release|Win32
		{73D54605-B3C3-4D64-92E3-E5BD7A359391}.ReleaseSingleLib|Win32.ActiveCfg = Release|Win32
		{73D54605-B3C3-4D64-92E3-E5BD7A359391}.ReleaseSingleLib|Win32.Build.0 = Release|Win32
		{73D54605-B3C3-4D64-92E3-E5BD7A359391}.ReleaseSingleLib|x64.ActiveCfg = Release|Win32
		{DB1962D5-5EBB-499D-9F84-4FCF6435063C}.Debug DLL|Win32.ActiveCfg = Debug|Win32
		{DB1962D5-5EBB-499D-9F84-4FCF6435063C}.Debug DLL|Win32.Build.0 = Debug|Win32
		{DB1962D5-5EBB-499D-9F84-4FCF6435063C}.Debug DLL|x64.ActiveCfg = Debug|Win32
		{DB1962D5-5EBB-499D-9F84-4FCF6435063C}.Debug|Win32.ActiveCfg = Debug|Win32
		{DB1962D5-5EBB-499D-9F84-4FCF6435063C}.Debug|Win32.Build.0 = Debug|Win32
		{DB1962D5-5EBB-499D-9F84-4FCF6435063C}.Debug|x64.ActiveCfg = Debug|Win32
		{DB1962D5-5EBB-499D-9F84-4FCF6435063C}.DebugDoubleDLL|Win32.ActiveCfg = Debug|Win32
		{DB1962D5-5EBB-499D-9F84-4FCF6435063C}.DebugDoubleDLL|Win32.Build.0 = Debug|Win32
		{DB1962D5-5EBB-499D-9F84-4FCF6435063C}.DebugDoubleDLL|x64.ActiveCfg = Debug|Win32
		{DB1962D5-5EBB-499D-9F84-4FCF6435063C}.DebugDoubleLib|Win32.ActiveCfg = Debug|Win32
		{DB1962D5-5EBB-499D-9F84-4FCF6435063C}.DebugDoubleLib|Win32.Build.0 = Debug|Win32
		{DB1962D5-5EBB-499D-9F84-4FCF6435063C}.DebugDoubleLib|x64.ActiveCfg = Debug|Win32
		{DB1962D5-5EBB-499D-9F84-4FCF6435063C}.DebugSingleDLL|Win32.ActiveCfg = Debug|Win32
		{DB1962D5-5EBB-499D-9F84-4FCF6435063C}.DebugSingleDLL|Win32.Build.0 = Debug|Win32
		{DB1962D5-5EBB-499D-9F84-4FCF6435063C}.DebugSingleDLL|x64.ActiveCfg = Debug|Win32
		{DB1962D5-5EBB-499D-9F84-4FCF6435063C}.DebugSingleLib|Win32.ActiveCfg = Debug|Win32
		{DB1962D5-5EBB-499D-9F84-4FCF6435063C}.DebugSingleLib|Win32.Build.0 = Debug|Win32
		{DB1962D5-5EBB-499D-9F84-4FCF6435063C}.DebugSingleLib|x64.ActiveCfg = Debug|Win32
		{DB1962D5-5EBB-499D-9F84-4FCF6435063C}.Release DLL|Win32.ActiveCfg = Release|Win32
		{DB1962D5-5EBB-499D-9F84-4FCF6435063C}.Release DLL|Win32.Build.0 = Release|Win32
		{DB1962D5-5EBB-499D-9F84-4FCF6435063C}.Release DLL|x64.ActiveCfg = Release|Win32
		{DB1962D5-5EBB-499D-9F84-4FCF6435063C}.Release|Win32.ActiveCfg = Release|Win32
		{DB1962D5-5EBB-499D-9F84-4FCF6435063C}.Release|Win32.Build.0 = Release|Win32
		{DB1962D5-5EBB-499D-9F84-4FCF6435063C}.Release|x64.ActiveCfg = Release|Win32
		{DB1962D5-5EBB-499D-9F84-4FCF6435063C}.ReleaseDoubleDLL|Win32.ActiveCfg = Release|Win32
		{DB1962D5-5EBB-499D-9F84-4FCF6435063C}.ReleaseDoubleDLL|Win32.Build.0 = Release|Win32
		{DB1962D5-5EBB-499D-9F84-4FCF6435063C}.ReleaseDoubleDLL|x64.ActiveCfg = Release|Win32
		{DB1962D5-5EBB-499D-9F84-4FCF6435063C}.ReleaseDoubleLib|Win32.ActiveCfg = Release|Win32
		{DB1962D5-5EBB-499D-9F84-4FCF6435063C}.ReleaseDoubleLib|Win32.Build.0 = Release|Win32
		{DB1962D5-5EBB-499D-9F84-4FCF6435063C}.ReleaseDoubleLib|x64.ActiveCfg = Release|Win32
		{DB1962D5-5EBB-499D-9F84-4FCF6435063C}.ReleaseSingleDLL|Win32.ActiveCfg = Release|Win32
		{DB1962D5-5EBB-499D-9F84-4FCF6435063C}.ReleaseSingleDLL|Win32.Build.0 = Release|Win32
		{DB1962D5-5EBB-499D-9F84-4FCF6435063C}.ReleaseSingleDLL|x64.ActiveCfg = Release|Win32
		{DB1962D5-5EBB-499D-9F84-4FCF6435063C}.ReleaseSingleLib|Win32.ActiveCfg = Release|Win32
		{DB1962D5-5EBB-499D-9F84-4FCF6435063C}.ReleaseSingleLib|Win32.Build.0 = Release|Win32
		{DB1962D5-5EBB-499D-9F84-4FCF6435063C}.ReleaseSingleLib|x64.ActiveCfg = Release|Win32
		{81160AD9-2883-4EDD-AF09-35E3F4C9BA1E}.Debug DLL|Win32.ActiveCfg = Debug|Win32
		{81160AD9-2883-4EDD-AF09-35E3F4C9BA1E}.Debug DLL|Win32.Build.0 = Debug|Win32
		{81160AD9-2883-4EDD-AF09-35E3F4C9BA1E}.Debug DLL|x64.ActiveCfg = Debug|Win32
		{81160AD9-2883-4EDD-AF09-35E3F4C9BA1E}.Debug|Win32.ActiveCfg = Debug|Win32
		{81160AD9-2883-4EDD-AF09-35E3F4C9BA1E}.Debug|Win32.Build.0 = Debug|Win32
		{81160AD9-2883-4EDD-AF09-35E3F4C9BA1E}.Debug|x64.ActiveCfg = Debug|Win32
		{81160AD9-2883-4EDD-AF09-35E3F4C9BA1E}.DebugDoubleDLL|Win32.ActiveCfg = Debug|Win32
		{81160AD9-2883-4EDD-AF09-35E3F4C9BA1E}.DebugDoubleDLL|Win32.Build.0 = Debug|Win32
		{81160AD9-2883-4EDD-AF09-35E3F4C9BA1E}.DebugDoubleDLL|x64.ActiveCfg = Debug|Win32
		{81160AD9-2883-4EDD-AF09-35E3F4C9BA1E}.DebugDoubleLib|Win32.ActiveCfg = Debug|Win32
		{81160AD9-2883-4EDD-AF09-35E3F4C9BA1E}.DebugDoubleLib|Win32.Build.0 = Debug|Win32
		{81160AD9-2883-4EDD-AF09-35E3F4C9BA1E}.DebugDoubleLib|x64.ActiveCfg = Debug|Win32
		{81160AD9-2883-4EDD-AF09-35E3F4C9BA1E}.DebugSingleDLL|Win32.ActiveCfg = Debug|Win32
		{81160AD9-2883-4EDD-AF09-35E3F4C9BA1E}.DebugSingleDLL|Win32.Build.0 = Debug|Win32
		{81160AD9-2883-4EDD-AF09-35E3F4C9BA1E}.DebugSingleDLL|x64.ActiveCfg = Debug|Win32
		{81160AD9-2883-4EDD-AF09-35E3F4C9BA1E}.DebugSingleLib|Win32.ActiveCfg = Debug|Win32
		{81160AD9-2883-4EDD-AF09-35E3F4C9BA1E}.DebugSingleLib|Win32.Build.0 = Debug|Win32
		{81160AD9-2883-4EDD-AF09-35E3F4C9BA1E}.DebugSingleLib|x64.ActiveCfg = Debug|Win32
		{81160AD9-2883-4EDD-AF09-35E3F4C9BA1E}.Release DLL|Win32.ActiveCfg = Release|Win32
		{81160AD9-2883-4EDD-AF09-35E3F4C9BA1E}.Release DLL|Win32.Build.0 = Release|Win32
		{81160AD9-2883-4EDD-AF09-35E3F4C9BA1E}.Release DLL|x64.ActiveCfg = Release|Win32
		{81160AD9-2883-4EDD-AF09-35E3F4C9BA1E}.Release|Win32.ActiveCfg = Release|Win32
		{81160AD9-2883-4EDD-AF09-35E3F4C9BA1E}.Release|Win32.Build.0 = Release|Win32
		{81160AD9-2883-4EDD-AF09-35E3F4C9BA1E}.Release|x64.ActiveCfg = Release|Win32
		{81160AD9-2883-4EDD-AF09-35E3F4C9BA1E}.ReleaseDoubleDLL|Win32.ActiveCfg = Release|Win32
		{81160AD9-2883-4EDD-AF09-35E3F4C9BA1E}.ReleaseDoubleDLL|Win32.Build.0 = Release|Win32
		{81160AD9-2883-4EDD-AF09-35E3F4C9BA1E}.ReleaseDoubleDLL|x64.ActiveCfg = Release|Win32
		{81160AD9-2883-4EDD-AF09-35E3F4C9BA1E}.ReleaseDoubleLib|Win32.ActiveCfg = Release|Win32
		{81160AD9-2883-4EDD-AF09-35E3F4C9BA1E}.ReleaseDoubleLib|Win32.Build.0 = Release|Win32
		{81160AD9-2883-4EDD-AF09-35E3F4C9BA1E}.ReleaseDoubleLib|x64.ActiveCfg = Release|Win32
		{81160AD9-2883-4EDD-AF09-35E3F4C9BA1E}.ReleaseSingleDLL|Win32.ActiveCfg = Release|Win32
		{81160AD9-2883-4EDD-AF09-35E3F4C9BA1E}.ReleaseSingleDLL|Win32.Build.0 = Release|Win32
		{81160AD9-2883-4EDD-AF09-35E3F4C9BA1E}.ReleaseSingleDLL|x64.ActiveCfg = Release|Win32
		{81160AD9-2883-4EDD-AF09-35E3F4C9BA1E}.ReleaseSingleLib|Win32.ActiveCfg = Release|Win32
		{81160AD9-2883-4EDD-AF09-35E3F4C9BA1E}.ReleaseSingleLib|Win32.Build.0 = Release|Win32
		{81160AD9-2883-4EDD-AF09-35E3F4C9BA1E}.ReleaseSingleLib|x64.ActiveCfg = Release|Win32
		{30D8E485-EE60-4E92-ABEA-50C628FBCE59}.Debug DLL|Win32.ActiveCfg = Debug|Win32
		{30D8E485-EE60-4E92-ABEA-50C628FBCE59}.Debug DLL|Win32.Build.0 = Debug|Win32
		{30D8E485-EE60-4E92-ABEA-50C628FBCE59}.Debug DLL|x64.ActiveCfg = Debug|Win32
		{30D8E485-EE60-4E92-ABEA-50C628FBCE59}.Debug|Win32.ActiveCfg = Debug|Win32
		{30D8E485-EE60-4E92-ABEA-50C628FBCE59}.Debug|Win32.Build.0 = Debug|Win32
		{30D8E485-EE60-4E92-ABEA-50C628FBCE59}.Debug|x64.ActiveCfg = Debug|Win32
		{30D8E485-EE60-4E92-ABEA-50C628FBCE59}.DebugDoubleDLL|Win32.ActiveCfg = Debug|Win32
		{30D8E485-EE60-4E92-ABEA-50C628FBCE59}.DebugDoubleDLL|Win32.Build.0 = Debug|Win32
		{30D8E485-EE60-4E92-ABEA-50C628FBCE59}.DebugDoubleDLL|x64.ActiveCfg = Debug|Win32
		{30D8E485-EE60-4E92-ABEA-50C628FBCE59}.DebugDoubleLib|Win32.ActiveCfg = Debug|Win32
		{30D8E485-EE60-4E92-ABEA-50C628FBCE59}.DebugDoubleLib|Win32.Build.0 = Debug|Win32
		{30D8E485-EE60-4E92-ABEA-50C628FBCE59}.DebugDoubleLib|x64.ActiveCfg = Debug|Win32
		{30D8E485-EE60-4E92-ABEA-50C628FBCE59}.DebugSingleDLL|Win32.ActiveCfg = Debug|Win32
		{30D8E485-EE60-4E92-ABEA-50C628FBCE59}.DebugSingleDLL|Win32.Build.0 = Debug|Win32
		{30D8E485-EE60-4E92-ABEA-50C628FBCE59}.DebugSingleDLL|x64.ActiveCfg = Debug|Win32
		{30D8E485-EE60-4E92-ABEA-50C628FBCE59}.DebugSingleLib|Win32.ActiveCfg = Debug|Win32
		{30D8E485-EE60-4E92-ABEA-50C628FBCE59}.DebugSingleLib|Win32.Build.0 = Debug|Win32
		{30D8E485-EE60-4E92-ABEA-50C628FBCE59}.DebugSingleLib|x64.ActiveCfg = Debug|Win32
		{30D8E485-EE60-4E92-ABEA-50C628FBCE59}.Release DLL|Win32.ActiveCfg = Release|Win32
		{30D8E485-EE60-4E92-ABEA-50C628FBCE59}.Release DLL|Win32.Build.0 = Release|Win32
		{30D8E485-EE60-4E92-ABEA-50C628FBCE59}.Release DLL|x64.ActiveCfg = Release|Win32
		{30D8E485-EE60-4E92-ABEA-50C628FBCE59}.Release|Win32.ActiveCfg = Release|Win32
		{30D8E485-EE60-4E92-ABEA-50C628FBCE59}.Release|Win32.Build.0 = Release|Win32
		{30D8E485-EE60-4E92-ABEA-50C628FBCE59}.Release|x64.ActiveCfg = Release|Win32
		{30D8E485-EE60-4E92-ABEA-50C628FBCE59}.ReleaseDoubleDLL|Win32.ActiveCfg = Release|Win32
		{30D8E485-EE60-4E92-ABEA-50C628FBCE59}.ReleaseDoubleDLL|Win32.Build.0 = Release|Win32
		{30D8E485-EE60-4E92-ABEA-50C628FBCE59}.ReleaseDoubleDLL|x64.ActiveCfg = Release|Win32
		{30D8E485-EE60-4E92-ABEA-50C628FBCE59}.ReleaseDoubleLib|Win32.ActiveCfg = Release|Win32
		{30D8E485-EE60-4E92-ABEA-50C628FBCE59}.ReleaseDoubleLib|Win32.Build.0 = Release|Win32
		{30D8E485-EE60-4E92-ABEA-50C628FBCE59}.ReleaseDoubleLib|x64.ActiveCfg = Release|Win32
		{30D8E485-EE60-4E92-ABEA-50C628FBCE59}.ReleaseSingleDLL|Win32.ActiveCfg = Release|Win32
		{30D8E485-EE60-4E92-ABEA-50C628FBCE59}.ReleaseSingleDLL|Win32.Build.0 = Release|Win32
		{30D8E485-EE60-4E92-ABEA-50C628FBCE59}.ReleaseSingleDLL|x64.ActiveCfg = Release|Win32
		{30D8E485-EE60-4E92-ABEA-50C628FBCE59}.ReleaseSingleLib|Win32.ActiveCfg = Release|Win32
		{30D8E485-EE60-4E92-ABEA-50C628FBCE59}.ReleaseSingleLib|Win32.Build.0 = Release|Win32
		{30D8E485-EE60-4E92-ABEA-50C628FBCE59}.ReleaseSingleLib|x64.ActiveCfg = Release|Win32
		{9CF2B398-9087-4D33-90EB-0320F42C78F4}.Debug DLL|Win32.ActiveCfg = Debug|Win32
		{9CF2B398-9087-4D33-90EB-0320F42C78F4}.Debug DLL|Win32.Build.0 = Debug|Win32
		{9CF2B398-9087-4D33-90EB-0320F42C78F4}.Debug DLL|x64.ActiveCfg = Debug|Win32
		{9CF2B398-9087-4D33-90EB-0320F42C78F4}.Debug|Win32.ActiveCfg = Debug|Win32
		{9CF2B398-9087-4D33-90EB-0320F42C78F4}.Debug|Win32.Build.0 = Debug|Win32
		{9CF2B398-9087-4D33-90EB-0320F42C78F4}.Debug|x64.ActiveCfg = Debug|Win32
		{9CF2B398-9087-4D33-90EB-0320F42C78F4}.DebugDoubleDLL|Win32.ActiveCfg = Debug|Win32
		{9CF2B398-9087-4D33-90EB-0320F42C78F4}.DebugDoubleDLL|Win32.Build.0 = Debug|Win32
		{9CF2B398-9087-4D33-90EB-0320F42C78F4}.DebugDoubleDLL|x64.ActiveCfg = Debug|Win32
		{9CF2B398-9087-4D33-90EB-0320F42C78F4}.DebugDoubleLib|Win32.ActiveCfg = Debug|Win32
		{9CF2B398-9087-4D33-90EB-0320F42C78F4}.DebugDoubleLib|Win32.Build.0 = Debug|Win32
		{9CF2B398-9087-4D33-90EB-0320F42C78F4}.DebugDoubleLib|x64.ActiveCfg = Debug|Win32
		{9CF2B398-9087-4D33-90EB-0320F42C78F4}.DebugSingleDLL|Win32.ActiveCfg = Debug|Win32
		{9CF2B398-9087-4D33-90EB-0320F42C78F4}.DebugSingleDLL|Win32.Build.0 = Debug|Win32
		{9CF2B398-9087-4D33-90EB-0320F42C78F4}.DebugSingleDLL|x64.ActiveCfg = Debug|Win32
		{9CF2B398-9087-4D33-90EB-0320F42C78F4}.DebugSingleLib|Win32.ActiveCfg = Debug|Win32
		{9CF2B398-9087-4D33-90EB-0320F42C78F4}.DebugSingleLib|Win32.Build.0 = Debug|Win32
		{9CF2B398-9087-4D33-90EB-0320F42C78F4}.DebugSingleLib|x64.ActiveCfg = Debug|Win32
		{9CF2B398-9087-4D33-90EB-0320F42C78F4}.Release DLL|Win32.ActiveCfg = Release|Win32
		{9CF2B398-9087-4D33-90EB-0320F42C78F4}.Release DLL|Win32.Build.0 = Release|Win32
		{9CF2B398-9087-4D33-90EB-0320F42C78F4}.Release DLL|x64.ActiveCfg = Release|Win32
		{9CF2B398-9087-4D33-90EB-0320F42C78F4}.Release|Win32.ActiveCfg = Release|Win32
		{9CF2B398-9087-4D33-90EB-0320F42C78F4}.Release|Win32.Build.0 = Release|Win32
		{9CF2B398-9087-4D33-90EB-0320F42C78F4}.Release|x64.ActiveCfg = Release|Win32
		{9CF2B398-9087-4D33-90EB-0320F42C78F4}.ReleaseDoubleDLL|Win32.ActiveCfg = Release|Win32
		{9CF2B398-9087-4D33-90EB-0320F42C78F4}.ReleaseDoubleDLL|Win32.Build.0 = Release|Win32
		{9CF2B398-9087-4D33-90EB-0320F42C78F4}.ReleaseDoubleDLL|x64.ActiveCfg = Release|Win32
		{9CF2B398-9087-4D33-90EB-0320F42C78F4}.ReleaseDoubleLib|Win32.ActiveCfg = Release|Win32
		{9CF2B398-9087-4D33-90EB-0320F42C78F4}.ReleaseDoubleLib|Win32.Build.0 = Release|Win32
		{9CF2B398-9087-4D33-90EB-0320F42C78F4}.ReleaseDoubleLib|x64.ActiveCfg = Release|Win32
		{9CF2B398-9087-4D33-90EB-0320F42C78F4}.ReleaseSingleDLL|Win32.ActiveCfg = Release|Win32
		{9CF2B398-9087-4D33-90EB-0320F42C78F4}.ReleaseSingleDLL|Win32.Build.0 = Release|Win32
		{9CF2B398-9087-4D33-90EB-0320F42C78F4}.ReleaseSingleDLL|x64.ActiveCfg = Release|Win32
		{9CF2B398-9087-4D33-90EB-0320F42C78F4}.ReleaseSingleLib|Win32.ActiveCfg = Release|Win32
		{9CF2B398-9087-4D33-90EB-0320F42C78F4}.ReleaseSingleLib|Win32.Build.0 = Release|Win32
		{9CF2B398-9087-4D33-90EB-0320F42C78F4}.ReleaseSingleLib|x64.ActiveCfg = Release|Win32
		{AD5D4E9F-CC19-474E-A5A2-F8895269A3DB}.Debug DLL|Win32.ActiveCfg = Debug|Win32
		{AD5D4E9F-CC19-474E-A5A2-F8895269A3DB}.Debug DLL|Win32.Build.0 = Debug|Win32
		{AD5D4E9F-CC19-474E-A5A2-F8895269A3DB}.Debug DLL|x64.ActiveCfg = Debug|Win32
		{AD5D4E9F-CC19-474E-A5A2-F8895269A3DB}.Debug|Win32.ActiveCfg = Debug|Win32
		{AD5D4E9F-CC19-474E-A5A2-F8895269A3DB}.Debug|Win32.Build.0 = Debug|Win32
		{AD5D4E9F-CC19-474E-A5A2-F8895269A3DB}.Debug|x64.ActiveCfg = Debug|Win32
		{AD5D4E9F-CC19-474E-A5A2-F8895269A3DB}.DebugDoubleDLL|Win32.ActiveCfg = Debug|Win32
		{AD5D4E9F-CC19-474E-A5A2-F8895269A3DB}.DebugDoubleDLL|Win32.Build.0 = Debug|Win32
		{AD5D4E9F-CC19-474E-A5A2-F8895269A3DB}.DebugDoubleDLL|x64.ActiveCfg = Debug|Win32
		{AD5D4E9F-CC19-474E-A5A2-F8895269A3DB}.DebugDoubleLib|Win32.ActiveCfg = Debug|Win32
		{AD5D4E9F-CC19-474E-A5A2-F8895269A3DB}.DebugDoubleLib|Win32.Build.0 = Debug|Win32
		{AD5D4E9F-CC19-474E-A5A2-F8895269A3DB}.DebugDoubleLib|x64.ActiveCfg = Debug|Win32
		{AD5D4E9F-CC19-474E-A5A2-F8895269A3DB}.DebugSingleDLL|Win32.ActiveCfg = Debug|Win32
		{AD5D4E9F-CC19-474E-A5A2-F8895269A3DB}.DebugSingleDLL|Win32.Build.0 = Debug|Win32
		{AD5D4E9F-CC19-474E-A5A2-F8895269A3DB}.DebugSingleDLL|x64.ActiveCfg = Debug|Win32
		{AD5D4E9F-CC19-474E-A5A2-F8895269A3DB}.DebugSingleLib|Win32.ActiveCfg = Debug|Win32
		{AD5D4E9F-CC19-474E-A5A2-F8895269A3DB}.DebugSingleLib|Win32.Build.0 = Debug|Win32
		{AD5D4E9F-CC19-474E-A5A2-F8895269A3DB}.DebugSingleLib|x64.ActiveCfg = Debug|Win32
		{AD5D4E9F-CC19-474E-A5A2-F8895269A3DB}.Release DLL|Win32.ActiveCfg = Release|Win32
		{AD5D4E9F-CC19-474E-A5A2-F8895269A3DB}.Release DLL|Win32.Build.0 = Release|Win32
		{AD5D4E9F-CC19-474E-A5A2-F8895269A3DB}.Release DLL|x64.ActiveCfg = Release|Win32
		{AD5D4E9F-CC19-474E-A5A2-F8895269A3DB}.Release|Win32.ActiveCfg = Release|Win32
		{AD5D4E9F-CC19-474E-A5A2-F8895269A3DB}.Release|Win32.Build.0 = Release|Win32
		{AD5D4E9F-CC19-474E-A5A2-F8895269A3DB}.Release|x64.ActiveCfg = Release|Win32
		{AD5D4E9F-CC19-474E-A5A2-F8895269A3DB}.ReleaseDoubleDLL|Win32.ActiveCfg = Release|Win32
		{AD5D4E9F-CC19-474E-A5A2-F8895269A3DB}.ReleaseDoubleDLL|Win32.Build.0 = Release|Win32
		{AD5D4E9F-CC19-474E-A5A2-F8895269A3DB}.ReleaseDoubleDLL|x64.ActiveCfg = Release|Win32
		{AD5D4E9F-CC19-474E-A5A2-F8895269A3DB}.ReleaseDoubleLib|Win32.ActiveCfg = Release|Win32
		{AD5D4E9F-CC19-474E-A5A2-F8895269A3DB}.ReleaseDoubleLib|Win32.Build.0 = Release|Win32
		{AD5D4E9F-CC19-474E-A5A2-F8895269A3DB}.ReleaseDoubleLib|x64.ActiveCfg = Release|Win32
		{AD5D4E9F-CC19-474E-A5A2-F8895269A3DB}.ReleaseSingleDLL|Win32.ActiveCfg = Release|Win32
		{AD5D4E9F-CC19-474E-A5A2-F8895269A3DB}.ReleaseSingleDLL|Win32.Build.0 = Release|Win32
		{AD5D4E9F-CC19-474E-A5A2-F8895269A3DB}.ReleaseSingleDLL|x64.ActiveCfg = Release|Win32
		{AD5D4E9F-CC19-474E-A5A2-F8895269A3DB}.ReleaseSingleLib|Win32.ActiveCfg = Release|Win32
		{AD5D4E9F-CC19-474E-A5A2-F8895269A3DB}.ReleaseSingleLib|Win32.Build.0 = Release|Win32
		{AD5D4E9F-CC19-474E-A5A2-F8895269A3DB}.ReleaseSingleLib|x64.ActiveCfg = Release|Win32
		{ED407BF6-F8A1-4C7E-9952-E5454896AC63}.Debug DLL|Win32.ActiveCfg = Debug|Win32
		{ED407BF6-F8A1-4C7E-9952-E5454896AC63}.Debug DLL|Win32.Build.0 = Debug|Win32
		{ED407BF6-F8A1-4C7E-9952-E5454896AC63}.Debug DLL|x64.ActiveCfg = Debug|Win32
		{ED407BF6-F8A1-4C7E-9952-E5454896AC63}.Debug|Win32.ActiveCfg = Debug|Win32
		{ED407BF6-F8A1-4C7E-9952-E5454896AC63}.Debug|Win32.Build.0 = Debug|Win32
		{ED407BF6-F8A1-4C7E-9952-E5454896AC63}.Debug|x64.ActiveCfg = Debug|Win32
		{ED407BF6-F8A1-4C7E-9952-E5454896AC63}.DebugDoubleDLL|Win32.ActiveCfg = Debug|Win32
		{ED407BF6-F8A1-4C7E-9952-E5454896AC63}.DebugDoubleDLL|Win32.Build.0 = Debug|Win32
		{ED407BF6-F8A1-4C7E-9952-E5454896AC63}.DebugDoubleDLL|x64.ActiveCfg = Debug|Win32
		{ED407BF6-F8A1-4C7E-9952-E5454896AC63}.DebugDoubleLib|Win32.ActiveCfg = Debug|Win32
		{ED407BF6-F8A1-4C7E-9952-E5454896AC63}.DebugDoubleLib|Win32.Build.0 = Debug|Win32
		{ED407BF6-F8A1-4C7E-9952-E5454896AC63}.DebugDoubleLib|x64.ActiveCfg = Debug|Win32
		{ED407BF6-F8A1-4C7E-9952-E5454896AC63}.DebugSingleDLL|Win32.ActiveCfg = Debug|Win32
		{ED407BF6-F8A1-4C7E-9952-E5454896AC63}.DebugSingleDLL|Win32.Build.0 = Debug|Win32
		{ED407BF6-F8A1-4C7E-9952-E5454896AC63}.DebugSingleDLL|x64.ActiveCfg = Debug|Win32
		{ED407BF6-F8A1-4C7E-9952-E5454896AC63}.DebugSingleLib|Win32.ActiveCfg = Debug|Win32
		{ED407BF6-F8A1-4C7E-9952-E5454896AC63}.DebugSingleLib|Win32.Build.0 = Debug|Win32
		{ED407BF6-F8A1-4C7E-9952-E5454896AC63}.DebugSingleLib|x64.ActiveCfg = Debug|Win32
		{ED407BF6-F8A1-4C7E-9952-E5454896AC63}.Release DLL|Win32.ActiveCfg = Release|Win32
		{ED407BF6-F8A1-4C7E-9952-E5454896AC63}.Release DLL|Win32.Build.0 = Release|Win32
		{ED407BF6-F8A1-4C7E-9952-E5454896AC63}.Release DLL|x64.ActiveCfg = Release|Win32
		{ED407BF6-F8A1-4C7E-9952-E5454896AC63}.Release|Win32.ActiveCfg = Release|Win32
		{ED407BF6-F8A1-4C7E-9952-E5454896AC63}.Release|Win32.Build.0 = Release|Win32
		{ED407BF6-F8A1-4C7E-9952-E5454896AC63}.Release|x64.ActiveCfg = Release|Win32
		{ED407BF6-F8A1-4C7E-9952-E5454896AC63}.ReleaseDoubleDLL|Win32.ActiveCfg = Release|Win32
		{ED407BF6-F8A1-4C7E-9952-E5454896AC63}.ReleaseDoubleDLL|Win32.Build.0 = Release|Win32
		{ED407BF6-F8A1-4C7E-9952-E5454896AC63}.ReleaseDoubleDLL|x64.ActiveCfg = Release|Win32
		{ED407BF6-F8A1-4C7E-9952-E5454896AC63}.ReleaseDoubleLib|Win32.ActiveCfg = Release|Win32
		{ED407BF6-F8A1-4C7E-9952-E5454896AC63}.ReleaseDoubleLib|Win32.Build.0 = Release|Win32
		{ED407BF6-F8A1-4C7E-9952-E5454896AC63}.ReleaseDoubleLib|x64.ActiveCfg = Release|Win32
		{ED407BF6-F8A1-4C7E-9952-E5454896AC63}.ReleaseSingleDLL|Win32.ActiveCfg = Release|Win32
		{ED407BF6-F8A1-4C7E-9952-E5454896AC63}.ReleaseSingleDLL|Win32.Build.0 = Release|Win32
		{ED407BF6-F8A1-4C7E-9952-E5454896AC63}.ReleaseSingleDLL|x64.ActiveCfg = Release|Win32
		{ED407BF6-F8A1-4C7E-9952-E5454896AC63}.ReleaseSingleLib|Win32.ActiveCfg = Release|Win32
		{ED407BF6-F8A1-4C7E-9952-E5454896AC63}.ReleaseSingleLib|Win32.Build.0 = Release|Win32
		{ED407BF6-F8A1-4C7E-9952-E5454896AC63}.ReleaseSingleLib|x64.ActiveCfg = Release|Win32
		{E5287CD2-4BAC-4341-AF28-A1F9C0F5949C}.Debug DLL|Win32.ActiveCfg = Debug|Win32
		{E5287CD2-4BAC-4341-AF28-A1F9C0F5949C}.Debug DLL|Win32.Build.0 = Debug|Win32
		{E5287CD2-4BAC-4341-AF28-A1F9C0F5949C}.Debug DLL|x64.ActiveCfg = Debug|Win32
		{E5287CD2-4BAC-4341-AF28-A1F9C0F5949C}.Debug|Win32.ActiveCfg = Debug|Win32
		{E5287CD2-4BAC-4341-AF28-A1F9C0F5949C}.Debug|Win32.Build.0 = Debug|Win32
		{E5287CD2-4BAC-4341-AF28-A1F9C0F5949C}.Debug|x64.ActiveCfg = Debug|Win32
		{E5287CD2-4BAC-4341-AF28-A1F9C0F5949C}.DebugDoubleDLL|Win32.ActiveCfg = Debug|Win32
		{E5287CD2-4BAC-4341-AF28-A1F9C0F5949C}.DebugDoubleDLL|Win32.Build.0 = Debug|Win32
		{E5287CD2-4BAC-4341-AF28-A1F9C0F5949C}.DebugDoubleDLL|x64.ActiveCfg = Debug|Win32
		{E5287CD2-4BAC-4341-AF28-A1F9C0F5949C}.DebugDoubleLib|Win32.ActiveCfg = Debug|Win32
		{E5287CD2-4BAC-4341-AF28-A1F9C0F5949C}.DebugDoubleLib|Win32.Build.0 = Debug|Win32
		{E5287CD2-4BAC-4341-AF28-A1F9C0F5949C}.DebugDoubleLib|x64.ActiveCfg = Debug|Win32
		{E5287CD2-4BAC-4341-AF28-A1F9C0F5949C}.DebugSingleDLL|Win32.ActiveCfg = Debug|Win32
		{E5287CD2-4BAC-4341-AF28-A1F9C0F5949C}.DebugSingleDLL|Win32.Build.0 = Debug|Win32
		{E5287CD2-4BAC-4341-AF28-A1F9C0F5949C}.DebugSingleDLL|x64.ActiveCfg = Debug|Win32
		{E5287CD2-4BAC-4341-AF28-A1F9C0F5949C}.DebugSingleLib|Win32.ActiveCfg = Debug|Win32
		{E5287CD2-4BAC-4341-AF28-A1F9C0F5949C}.DebugSingleLib|Win32.Build.0 = Debug|Win32
		{E5287CD2-4BAC-4341-AF28-A1F9C0F5949C}.DebugSingleLib|x64.ActiveCfg = Debug|Win32
		{E5287CD2-4BAC-4341-AF28-A1F9C0F5949C}.Release DLL|Win32.ActiveCfg = Release|Win32
		{E5287CD2-4BAC-4341-AF28-A1F9C0F5949C}.Release DLL|Win32.Build.0 = Release|Win32
		{E5287CD2-4BAC-4341-AF28-A1F9C0F5949C}.Release DLL|x64.ActiveCfg = Release|Win32
		{E5287CD2-4BAC-4341-AF28-A1F9C0F5949C}.Release|Win32.ActiveCfg = Release|Win32
		{E5287CD2-4BAC-4341-AF28-A1F9C0F5949C}.Release|Win32.Build.0 = Release|Win32
		{E5287CD2-4BAC-4341-AF28-A1F9C0F5949C}.Release|x64.ActiveCfg = Release|Win32
		{E5287CD2-4BAC-4341-AF28-A1F9C0F5949C}.ReleaseDoubleDLL|Win32.ActiveCfg = Release|Win32
		{E5287CD2-4BAC-4341-AF28-A1F9C0F5949C}.ReleaseDoubleDLL|Win32.Build.0 = Release|Win32
		{E5287CD2-4BAC-4341-AF28-A1F9C0F5949C}.ReleaseDoubleDLL|x64.ActiveCfg = Release|Win32
		{E5287CD2-4BAC-4341-AF28-A1F9C0F5949C}.ReleaseDoubleLib|Win32.ActiveCfg = Release|Win32
		{E5287CD2-4BAC-4341-AF28-A1F9C0F5949C}.ReleaseDoubleLib|Win32.Build.0 = Release|Win32
		{E5287CD2-4BAC-4341-AF28-A1F9C0F5949C}.ReleaseDoubleLib|x64.ActiveCfg = Release|Win32
		{E5287CD2-4BAC-4341-AF28-A1F9C0F5949C}.ReleaseSingleDLL|Win32.ActiveCfg = Release|Win32
		{E5287CD2-4BAC-4341-AF28-A1F9C0F5949C}.ReleaseSingleDLL|Win32.Build.0 = Release|Win32
		{E5287CD2-4BAC-4341-AF28-A1F9C0F5949C}.ReleaseSingleDLL|x64.ActiveCfg = Release|Win32
		{E5287CD2-4BAC-4341-AF28-A1F9C0F5949C}.ReleaseSingleLib|Win32.ActiveCfg = Release|Win32
		{E5287CD2-4BAC-4341-AF28-A1F9C0F5949C}.ReleaseSingleLib|Win32.Build.0 = Release|Win32
		{E5287CD2-4BAC-4341-AF28-A1F9C0F5949C}.ReleaseSingleLib|x64.ActiveCfg = Release|Win32
		{141F90C2-6630-4D7A-834F-D5D57C6CFC24}.Debug DLL|Win32.ActiveCfg = Debug|Win32
		{141F90C2-6630-4D7A-834F-D5D57C6CFC24}.Debug DLL|Win32.Build.0 = Debug|Win32
		{141F90C2-6630-4D7A-834F-D5D57C6CFC24}.Debug DLL|x64.ActiveCfg = Debug|Win32
		{141F90C2-6630-4D7A-834F-D5D57C6CFC24}.Debug|Win32.ActiveCfg = Debug|Win32
		{141F90C2-6630-4D7A-834F-D5D57C6CFC24}.Debug|Win32.Build.0 = Debug|Win32
		{141F90C2-6630-4D7A-834F-D5D57C6CFC24}.Debug|x64.ActiveCfg = Debug|Win32
		{141F90C2-6630-4D7A-834F-D5D57C6CFC24}.DebugDoubleDLL|Win32.ActiveCfg = Debug|Win32
		{141F90C2-6630-4D7A-834F-D5D57C6CFC24}.DebugDoubleDLL|Win32.Build.0 = Debug|Win32
		{141F90C2-6630-4D7A-834F-D5D57C6CFC24}.DebugDoubleDLL|x64.ActiveCfg = Debug|Win32
		{141F90C2-6630-4D7A-834F-D5D57C6CFC24}.DebugDoubleLib|Win32.ActiveCfg = Debug|Win32
		{141F90C2-6630-4D7A-834F-D5D57C6CFC24}.DebugDoubleLib|Win32.Build.0 = Debug|Win32
		{141F90C2-6630-4D7A-834F-D5D57C6CFC24}.DebugDoubleLib|x64.ActiveCfg = Debug|Win32
		{141F90C2-6630-4D7A-834F-D5D57C6CFC24}.DebugSingleDLL|Win32.ActiveCfg = Debug|Win32
		{141F90C2-6630-4D7A-834F-D5D57C6CFC24}.DebugSingleDLL|Win32.Build.0 = Debug|Win32
		{141F90C2-6630-4D7A-834F-D5D57C6CFC24}.DebugSingleDLL|x64.ActiveCfg = Debug|Win32
		{141F90C2-6630-4D7A-834F-D5D57C6CFC24}.DebugSingleLib|Win32.ActiveCfg = Debug|Win32
		{141F90C2-6630-4D7A-834F-D5D57C6CFC24}.DebugSingleLib|Win32.Build.0 = Debug|Win32
		{141F90C2-6630-4D7A-834F-D5D57C6CFC24}.DebugSingleLib|x64.ActiveCfg = Debug|Win32
		{141F90C2-6630-4D7A-834F-D5D57C6CFC24}.Release DLL|Win32.ActiveCfg = Release|Win32
		{141F90C2-6630-4D7A-834F-D5D57C6CFC24}.Release DLL|Win32.Build.0 = Release|Win32
		{141F90C2-6630-4D7A-834F-D5D57C6CFC24}.Release DLL|x64.ActiveCfg = Release|Win32
		{141F90C2-6630-4D7A-834F-D5D57C6CFC24}.Release|Win32.ActiveCfg = Release|Win32
		{141F90C2-6630-4D7A-834F-D5D57C6CFC24}.Release|Win32.Build.0 = Release|Win32
		{141F90C2-6630-4D7A-834F-D5D57C6CFC24}.Release|x64.ActiveCfg = Release|Win32
		{141F90C2-6630-4D7A-834F-D5D57C6CFC24}.ReleaseDoubleDLL|Win32.ActiveCfg = Release|Win32
		{141F90C2-6630-4D7A-834F-D5D57C6CFC24}.ReleaseDoubleDLL|Win32.Build.0 = Release|Win32
		{141F90C2-6630-4D7A-834F-D5D57C6CFC24}.ReleaseDoubleDLL|x64.ActiveCfg = Release|Win32
		{141F90C2-6630-4D7A-834F-D5D57C6CFC24}.ReleaseDoubleLib|Win32.ActiveCfg = Release|Win32
		{141F90C2-6630-4D7A-834F-D5D57C6CFC24}.ReleaseDoubleLib|Win32.Build.0 = Release|Win32
		{141F90C2-6630-4D7A-834F-D5D57C6CFC24}.ReleaseDoubleLib|x64.ActiveCfg = Release|Win32
		{141F90C2-6630-4D7A-834F-D5D57C6CFC24}.ReleaseSingleDLL|Win32.ActiveCfg = Release|Win32
		{141F90C2-6630-4D7A-834F-D5D57C6CFC24}.ReleaseSingleDLL|Win32.Build.0 = Release|Win32
		{141F90C2-6630-4D7A-834F-D5D57C6CFC24}.ReleaseSingleDLL|x64.ActiveCfg = Release|Win32
		{141F90C2-6630-4D7A-834F-D5D57C6CFC24}.ReleaseSingleLib|Win32.ActiveCfg = Release|Win32
		{141F90C2-6630-4D7A-834F-D5D57C6CFC24}.ReleaseSingleLib|Win32.Build.0 = Release|Win32
		{141F90C2-6630-4D7A-834F-D5D57C6CFC24}.ReleaseSingleLib|x64.ActiveCfg = Release|Win32
		{7DFC1637-6F93-4033-920D-2B3811241464}.Debug DLL|Win32.ActiveCfg = Debug|Win32
		{7DFC1637-6F93-4033-920D-2B3811241464}.Debug DLL|Win32.Build.0 = Debug|Win32
		{7DFC1637-6F93-4033-920D-2B3811241464}.Debug DLL|x64.ActiveCfg = Debug|Win32
		{7DFC1637-6F93-4033-920D-2B3811241464}.Debug|Win32.ActiveCfg = Debug|Win32
		{7DFC1637-6F93-4033-920D-2B3811241464}.Debug|Win32.Build.0 = Debug|Win32
		{7DFC1637-6F93-4033-920D-2B3811241464}.Debug|x64.ActiveCfg = Debug|Win32
		{7DFC1637-6F93-4033-920D-2B3811241464}.DebugDoubleDLL|Win32.ActiveCfg = Debug|Win32
		{7DFC1637-6F93-4033-920D-2B3811241464}.DebugDoubleDLL|Win32.Build.0 = Debug|Win32
		{7DFC1637-6F93-4033-920D-2B3811241464}.DebugDoubleDLL|x64.ActiveCfg = Debug|Win32
		{7DFC1637-6F93-4033-920D-2B3811241464}.DebugDoubleLib|Win32.ActiveCfg = Debug|Win32
		{7DFC1637-6F93-4033-920D-2B3811241464}.DebugDoubleLib|Win32.Build.0 = Debug|Win32
		{7DFC1637-6F93-4033-920D-2B3811241464}.DebugDoubleLib|x64.ActiveCfg = Debug|Win32
		{7DFC1637-6F93-4033-920D-2B3811241464}.DebugSingleDLL|Win32.ActiveCfg = Debug|Win32
		{7DFC1637-6F93-4033-920D-2B3811241464}.DebugSingleDLL|Win32.Build.0 = Debug|Win32
		{7DFC1637-6F93-4033-920D-2B3811241464}.DebugSingleDLL|x64.ActiveCfg = Debug|Win32
		{7DFC1637-6F93-4033-920D-2B3811241464}.DebugSingleLib|Win32.ActiveCfg = Debug|Win32
		{7DFC1637-6F93-4033-920D-2B3811241464}.DebugSingleLib|Win32.Build.0 = Debug|Win32
		{7DFC1637-6F93-4033-920D-2B3811241464}.DebugSingleLib|x64.ActiveCfg = Debug|Win32
		{7DFC1637-6F93-4033-920D-2B3811241464}.Release DLL|Win32.ActiveCfg = Release|Win32
		{7DFC1637-6F93-4033-920D-2B3811241464}.Release DLL|Win32.Build.0 = Release|Win32
		{7DFC1637-6F93-4033-920D-2B3811241464}.Release DLL|x64.ActiveCfg = Release|Win32
		{7DFC1637-6F93-4033-920D-2B3811241464}.Release|Win32.ActiveCfg = Release|Win32
		{7DFC1637-6F93-4033-920D-2B3811241464}.Release|Win32.Build.0 = Release|Win32
		{7DFC1637-6F93-4033-920D-2B3811241464}.Release|x64.ActiveCfg = Release|Win32
		{7DFC1637-6F93-4033-920D-2B3811241464}.ReleaseDoubleDLL|Win32.ActiveCfg = Release|Win32
		{7DFC1637-6F93-4033-920D-2B3811241464}.ReleaseDoubleDLL|Win32.Build.0 = Release|Win32
		{7DFC1637-6F93-4033-920D-2B3811241464}.ReleaseDoubleDLL|x64.ActiveCfg = Release|Win32
		{7DFC1637-6F93-4033-920D-2B3811241464}.ReleaseDoubleLib|Win32.ActiveCfg = Release|Win32
		{7DFC1637-6F93-4033-920D-2B3811241464}.ReleaseDoubleLib|Win32.Build.0 = Release|Win32
		{7DFC1637-6F93-4033-920D-2B3811241464}.ReleaseDoubleLib|x64.ActiveCfg = Release|Win32
		{7DFC1637-6F93-4033-920D-2B3811241464}.ReleaseSingleDLL|Win32.ActiveCfg = Release|Win32
		{7DFC1637-6F93-4033-920D-2B3811241464}.ReleaseSingleDLL|Win32.Build.0 = Release|Win32
		{7DFC1637-6F93-4033-920D-2B3811241464}.ReleaseSingleDLL|x64.ActiveCfg = Release|Win32
		{7DFC1637-6F93-4033-920D-2B3811241464}.ReleaseSingleLib|Win32.ActiveCfg = Release|Win32
		{7DFC1637-6F93-4033-920D-2B3811241464}.ReleaseSingleLib|Win32.Build.0 = Release|Win32
		{7DFC1637-6F93-4033-920D-2B3811241464}.ReleaseSingleLib|x64.ActiveCfg = Release|Win32
		{B9F11251-18F4-48CB-9EE7-3EDA4A0EA5AF}.Debug DLL|Win32.ActiveCfg = Debug|Win32
		{B9F11251-18F4-48CB-9EE7-3EDA4A0EA5AF}.Debug DLL|Win32.Build.0 = Debug|Win32
		{B9F11251-18F4-48CB-9EE7-3EDA4A0EA5AF}.Debug DLL|x64.ActiveCfg = Debug|Win32
		{B9F11251-18F4-48CB-9EE7-3EDA4A0EA5AF}.Debug|Win32.ActiveCfg = Debug|Win32
		{B9F11251-18F4-48CB-9EE7-3EDA4A0EA5AF}.Debug|Win32.Build.0 = Debug|Win32
		{B9F11251-18F4-48CB-9EE7-3EDA4A0EA5AF}.Debug|x64.ActiveCfg = Debug|Win32
		{B9F11251-18F4-48CB-9EE7-3EDA4A0EA5AF}.DebugDoubleDLL|Win32.ActiveCfg = Debug|Win32
		{B9F11251-18F4-48CB-9EE7-3EDA4A0EA5AF}.DebugDoubleDLL|Win32.Build.0 = Debug|Win32
		{B9F11251-18F4-48CB-9EE7-3EDA4A0EA5AF}.DebugDoubleDLL|x64.ActiveCfg = Debug|Win32
		{B9F11251-18F4-48CB-9EE7-3EDA4A0EA5AF}.DebugDoubleLib|Win32.ActiveCfg = Debug|Win32
		{B9F11251-18F4-48CB-9EE7-3EDA4A0EA5AF}.DebugDoubleLib|Win32.Build.0 = Debug|Win32
		{B9F11251-18F4-48CB-9EE7-3EDA4A0EA5AF}.DebugDoubleLib|x64.ActiveCfg = Debug|Win32
		{B9F11251-18F4-48CB-9EE7-3EDA4A0EA5AF}.DebugSingleDLL|Win32.ActiveCfg = Debug|Win32
		{B9F11251-18F4-48CB-9EE7-3EDA4A0EA5AF}.DebugSingleDLL|Win32.Build.0 = Debug|Win32
		{B9F11251-18F4-48CB-9EE7-3EDA4A0EA5AF}.DebugSingleDLL|x64.ActiveCfg = Debug|Win32
		{B9F11251-18F4-48CB-9EE7-3EDA4A0EA5AF}.DebugSingleLib|Win32.ActiveCfg = Debug|Win32
		{B9F11251-18F4-48CB-9EE7-3EDA4A0EA5AF}.DebugSingleLib|Win32.Build.0 = Debug|Win32
		{B9F11251-18F4-48CB-9EE7-3EDA4A0EA5AF}.DebugSingleLib|x64.ActiveCfg = Debug|Win32
		{B9F11251-18F4-48CB-9EE7-3EDA4A0EA5AF}.Release DLL|Win32.ActiveCfg = Release|Win32
		{B9F11251-18F4-48CB-9EE7-3EDA4A0EA5AF}.Release DLL|Win32.Build.0 = Release|Win32
		{B9F11251-18F4-48CB-9EE7-3EDA4A0EA5AF}.Release DLL|x64.ActiveCfg = Release|Win32
		{B9F11251-18F4-48CB-9EE7-3EDA4A0EA5AF}.Release|Win32.ActiveCfg = Release|Win32
		{B9F11251-18F4-48CB-9EE7-3EDA4A0EA5AF}.Release|Win32.Build.0 = Release|Win32
		{B9F11251-18F4-48CB-9EE7-3EDA4A0EA5AF}.Release|x64.ActiveCfg = Release|Win32
		{B9F11251-18F4-48CB-9EE7-3EDA4A0EA5AF}.ReleaseDoubleDLL|Win32.ActiveCfg = Release|Win32
		{B9F11251-18F4-48CB-9EE7-3EDA4A0EA5AF}.ReleaseDoubleDLL|Win32.Build.0 = Release|Win32
		{B9F11251-18F4-48CB-9EE7-3EDA4A0EA5AF}.ReleaseDoubleDLL|x64.ActiveCfg = Release|Win32
		{B9F11251-18F4-48CB-9EE7-3EDA4A0EA5AF}.ReleaseDoubleLib|Win32.ActiveCfg = Release|Win32
		{B9F11251-18F4-48CB-9EE7-3EDA4A0EA5AF}.ReleaseDoubleLib|Win32.Build.0 = Release|Win32
		{B9F11251-18F4-48CB-9EE7-3EDA4A0EA5AF}.ReleaseDoubleLib|x64.ActiveCfg = Release|Win32
		{B9F11251-18F4-48CB-9EE7-3EDA4A0EA5AF}.ReleaseSingleDLL|Win32.ActiveCfg = Release|Win32
		{B9F11251-18F4-48CB-9EE7-3EDA4A0EA5AF}.ReleaseSingleDLL|Win32.Build.0 = Release|Win32
		{B9F11251-18F4-48CB-9EE7-3EDA4A0EA5AF}.ReleaseSingleDLL|x64.ActiveCfg = Release|Win32
		{B9F11251-18F4-48CB-9EE7-3EDA4A0EA5AF}.ReleaseSingleLib|Win32.ActiveCfg = Release|Win32
		{B9F11251-18F4-48CB-9EE7-3EDA4A0EA5AF}.ReleaseSingleLib|Win32.Build.0 = Release|Win32
		{B9F11251-18F4-48CB-9EE7-3EDA4A0EA5AF}.ReleaseSingleLib|x64.ActiveCfg = Release|Win32
		{2F5C6BD8-60CC-774E-AFE5-700993607C62}.Debug DLL|Win32.ActiveCfg = DebugDoubleLib|Win32
		{2F5C6BD8-60CC-774E-AFE5-700993607C62}.Debug DLL|Win32.Build.0 = DebugDoubleLib|Win32
		{2F5C6BD8-60CC-774E-AFE5-700993607C62}.Debug DLL|x64.ActiveCfg = DebugDoubleLib|Win32
		{2F5C6BD8-60CC-774E-AFE5-700993607C62}.Debug|Win32.ActiveCfg = DebugDoubleLib|Win32
		{2F5C6BD8-60CC-774E-AFE5-700993607C62}.Debug|Win32.Build.0 = DebugDoubleLib|Win32
		{2F5C6BD8-60CC-774E-AFE5-700993607C62}.Debug|x64.ActiveCfg = DebugDoubleLib|Win32
		{2F5C6BD8-60CC-774E-AFE5-700993607C62}.DebugDoubleDLL|Win32.ActiveCfg = DebugDoubleDLL|Win32
		{2F5C6BD8-60CC-774E-AFE5-700993607C62}.DebugDoubleDLL|Win32.Build.0 = DebugDoubleDLL|Win32
		{2F5C6BD8-60CC-774E-AFE5-700993607C62}.DebugDoubleDLL|x64.ActiveCfg = DebugDoubleDLL|Win32
		{2F5C6BD8-60CC-774E-AFE5-700993607C62}.DebugDoubleLib|Win32.ActiveCfg = DebugDoubleLib|Win32
		{2F5C6BD8-60CC-774E-AFE5-700993607C62}.DebugDoubleLib|Win32.Build.0 = DebugDoubleLib|Win32
		{2F5C6BD8-60CC-774E-AFE5-700993607C62}.DebugDoubleLib|x64.ActiveCfg = DebugDoubleLib|Win32
		{2F5C6BD8-60CC-774E-AFE5-700993607C62}.DebugSingleDLL|Win32.ActiveCfg = DebugSingleDLL|Win32
		{2F5C6BD8-60CC-774E-AFE5-700993607C62}.DebugSingleDLL|Win32.Build.0 = DebugSingleDLL|Win32
		{2F5C6BD8-60CC-774E-AFE5-700993607C62}.DebugSingleDLL|x64.ActiveCfg = DebugSingleDLL|Win32
		{2F5C6BD8-60CC-774E-AFE5-700993607C62}.DebugSingleLib|Win32.ActiveCfg = DebugSingleLib|Win32
		{2F5C6BD8-60CC-774E-AFE5-700993607C62}.DebugSingleLib|Win32.Build.0 = DebugSingleLib|Win32
		{2F5C6BD8-60CC-774E-AFE5-700993607C62}.DebugSingleLib|x64.ActiveCfg = DebugSingleLib|Win32
		{2F5C6BD8-60CC-774E-AFE5-700993607C62}.Release DLL|Win32.ActiveCfg = ReleaseDoubleLib|Win32
		{2F5C6BD8-60CC-774E-AFE5-700993607C62}.Release DLL|Win32.Build.0 = ReleaseDoubleLib|Win32
		{2F5C6BD8-60CC-774E-AFE5-700993607C62}.Release DLL|x64.ActiveCfg = ReleaseDoubleLib|Win32
		{2F5C6BD8-60CC-774E-AFE5-700993607C62}.Release|Win32.ActiveCfg = ReleaseDoubleLib|Win32
		{2F5C6BD8-60CC-774E-AFE5-700993607C62}.Release|Win32.Build.0 = ReleaseDoubleLib|Win32
		{2F5C6BD8-60CC-774E-AFE5-700993607C62}.Release|x64.ActiveCfg = ReleaseDoubleLib|Win32
		{2F5C6BD8-60CC-774E-AFE5-700993607C62}.ReleaseDoubleDLL|Win32.ActiveCfg = ReleaseDoubleDLL|Win32
		{2F5C6BD8-60CC-774E-AFE5-700993607C62}.ReleaseDoubleDLL|Win32.Build.0 = ReleaseDoubleDLL|Win32
		{2F5C6BD8-60CC-774E-AFE5-700993607C62}.ReleaseDoubleDLL|x64.ActiveCfg = ReleaseDoubleDLL|Win32
		{2F5C6BD8-60CC-774E-AFE5-700993607C62}.ReleaseDoubleLib|Win32.ActiveCfg = ReleaseDoubleLib|Win32
		{2F5C6BD8-60CC-774E-AFE5-700993607C62}.ReleaseDoubleLib|Win32.Build.0 = ReleaseDoubleLib|Win32
		{2F5C6BD8-60CC-774E-AFE5-700993607C62}.ReleaseDoubleLib|x64.ActiveCfg = ReleaseDoubleLib|Win32
		{2F5C6BD8-60CC-774E-AFE5-700993607C62}.ReleaseSingleDLL|Win32.ActiveCfg = ReleaseSingleDLL|Win32
		{2F5C6BD8-60CC-774E-AFE5-700993607C62}.ReleaseSingleDLL|Win32.Build.0 = ReleaseSingleDLL|Win32
		{2F5C6BD8-60CC-774E-AFE5-700993607C62}.ReleaseSingleDLL|x64.ActiveCfg = ReleaseSingleDLL|Win32
		{2F5C6BD8-60CC-774E-AFE5-700993607C62}.ReleaseSingleLib|Win32.ActiveCfg = ReleaseSingleLib|Win32
		{2F5C6BD8-60CC-774E-AFE5-700993607C62}.ReleaseSingleLib|Win32.Build.0 = ReleaseSingleLib|Win32
		{2F5C6BD8-60CC-774E-AFE5-700993607C62}.ReleaseSingleLib|x64.ActiveCfg = ReleaseSingleLib|Win32
	EndGlobalSection
	GlobalSection(SolutionProperties) = preSolution
		HideSolutionNode = FALSE
	EndGlobalSection
EndGlobal
